
Microsoft Visual Studio Solution File, Format Version 12.00
# Visual Studio Version 17
VisualStudioVersion = 17.0.32014.148
MinimumVisualStudioVersion = 10.0.40219.1
Project("{2150E333-8FDC-42A3-9474-1A3956D46DE8}") = "HomeWork", "HomeWork", "{64619C98-FE8B-4257-8461-2899F7A808EE}"
EndProject
Project("{8BC9CEB8-8B4A-11D0-8D11-00A0C91BC942}") = "HomeWork_220112", "HomeWork_220112\HomeWork_220112.vcxproj", "{85D85806-2006-42F1-9497-C53A7DD6ADE3}"
EndProject
Global
	GlobalSection(SolutionConfigurationPlatforms) = preSolution
		Debug|x64 = Debug|x64
		Debug|x86 = Debug|x86
		Release|x64 = Release|x64
		Release|x86 = Release|x86
	EndGlobalSection
	GlobalSection(ProjectConfigurationPlatforms) = postSolution
		{85D85806-2006-42F1-9497-C53A7DD6ADE3}.Debug|x64.ActiveCfg = Debug|x64
		{85D85806-2006-42F1-9497-C53A7DD6ADE3}.Debug|x64.Build.0 = Debug|x64
		{85D85806-2006-42F1-9497-C53A7DD6ADE3}.Debug|x86.ActiveCfg = Debug|Win32
		{85D85806-2006-42F1-9497-C53A7DD6ADE3}.Debug|x86.Build.0 = Debug|Win32
		{85D85806-2006-42F1-9497-C53A7DD6ADE3}.Release|x64.ActiveCfg = Release|x64
		{85D85806-2006-42F1-9497-C53A7DD6ADE3}.Release|x64.Build.0 = Release|x64
		{85D85806-2006-42F1-9497-C53A7DD6ADE3}.Release|x86.ActiveCfg = Release|Win32
		{85D85806-2006-42F1-9497-C53A7DD6ADE3}.Release|x86.Build.0 = Release|Win32
	EndGlobalSection
	GlobalSection(SolutionProperties) = preSolution
		HideSolutionNode = FALSE
	EndGlobalSection
	GlobalSection(NestedProjects) = preSolution
		{85D85806-2006-42F1-9497-C53A7DD6ADE3} = {64619C98-FE8B-4257-8461-2899F7A808EE}
	EndGlobalSection
	GlobalSection(ExtensibilityGlobals) = postSolution
		SolutionGuid = {91F54E18-9D60-4DC8-905C-92E00E5F8B0C}
	EndGlobalSection
EndGlobal
